
Microsoft Visual Studio Solution File, Format Version 12.00
# Visual Studio Version 16
VisualStudioVersion = 16.0.31112.23
MinimumVisualStudioVersion = 10.0.40219.1
Project("{8BC9CEB8-8B4A-11D0-8D11-00A0C91BC942}") = "StringTests", "StringTests.vcxproj", "{3BFA784B-6773-403C-8BE4-C3FAF419F3E2}"
EndProject
Global
	GlobalSection(SolutionConfigurationPlatforms) = preSolution
		Debug|x64 = Debug|x64
		Debug|x86 = Debug|x86
		Release|x64 = Release|x64
		Release|x86 = Release|x86
	EndGlobalSection
	GlobalSection(ProjectConfigurationPlatforms) = postSolution
		{3BFA784B-6773-403C-8BE4-C3FAF419F3E2}.Debug|x64.ActiveCfg = Debug|x64
		{3BFA784B-6773-403C-8BE4-C3FAF419F3E2}.Debug|x64.Build.0 = Debug|x64
		{3BFA784B-6773-403C-8BE4-C3FAF419F3E2}.Debug|x86.ActiveCfg = Debug|Win32
		{3BFA784B-6773-403C-8BE4-C3FAF419F3E2}.Debug|x86.Build.0 = Debug|Win32
		{3BFA784B-6773-403C-8BE4-C3FAF419F3E2}.Release|x64.ActiveCfg = Release|x64
		{3BFA784B-6773-403C-8BE4-C3FAF419F3E2}.Release|x64.Build.0 = Release|x64
		{3BFA784B-6773-403C-8BE4-C3FAF419F3E2}.Release|x86.ActiveCfg = Release|Win32
		{3BFA784B-6773-403C-8BE4-C3FAF419F3E2}.Release|x86.Build.0 = Release|Win32
	EndGlobalSection
	GlobalSection(SolutionProperties) = preSolution
		HideSolutionNode = FALSE
	EndGlobalSection
	GlobalSection(ExtensibilityGlobals) = postSolution
		SolutionGuid = {4A886031-CF76-4FFC-903C-FD4C6A86BE65}
	EndGlobalSection
EndGlobal
